
Microsoft Visual Studio Solution File, Format Version 12.00
# Visual Studio Version 17
VisualStudioVersion = 17.3.32819.101
MinimumVisualStudioVersion = 10.0.40219.1
Project("{FAE04EC0-301F-11D3-BF4B-00C04F79EFBC}") = "While Loop", "While Loop\While Loop.csproj", "{4EAEF995-5BBA-4B7A-8A05-5BB6D647BD09}"
EndProject
Global
	GlobalSection(SolutionConfigurationPlatforms) = preSolution
		Debug|Any CPU = Debug|Any CPU
		Release|Any CPU = Release|Any CPU
	EndGlobalSection
	GlobalSection(ProjectConfigurationPlatforms) = postSolution
		{4EAEF995-5BBA-4B7A-8A05-5BB6D647BD09}.Debug|Any CPU.ActiveCfg = Debug|Any CPU
		{4EAEF995-5BBA-4B7A-8A05-5BB6D647BD09}.Debug|Any CPU.Build.0 = Debug|Any CPU
		{4EAEF995-5BBA-4B7A-8A05-5BB6D647BD09}.Release|Any CPU.ActiveCfg = Release|Any CPU
		{4EAEF995-5BBA-4B7A-8A05-5BB6D647BD09}.Release|Any CPU.Build.0 = Release|Any CPU
	EndGlobalSection
	GlobalSection(SolutionProperties) = preSolution
		HideSolutionNode = FALSE
	EndGlobalSection
	GlobalSection(ExtensibilityGlobals) = postSolution
		SolutionGuid = {CB514581-5E8D-41D8-9211-9A1FF4317E5E}
	EndGlobalSection
EndGlobal
