
Microsoft Visual Studio Solution File, Format Version 12.00
# Visual Studio Version 17
VisualStudioVersion = 17.3.32819.101
MinimumVisualStudioVersion = 10.0.40219.1
Project("{FAE04EC0-301F-11D3-BF4B-00C04F79EFBC}") = "For Loop", "For Loop\For Loop.csproj", "{75223615-CFF9-4267-B9AD-ADEC755B3129}"
EndProject
Global
	GlobalSection(SolutionConfigurationPlatforms) = preSolution
		Debug|Any CPU = Debug|Any CPU
		Release|Any CPU = Release|Any CPU
	EndGlobalSection
	GlobalSection(ProjectConfigurationPlatforms) = postSolution
		{75223615-CFF9-4267-B9AD-ADEC755B3129}.Debug|Any CPU.ActiveCfg = Debug|Any CPU
		{75223615-CFF9-4267-B9AD-ADEC755B3129}.Debug|Any CPU.Build.0 = Debug|Any CPU
		{75223615-CFF9-4267-B9AD-ADEC755B3129}.Release|Any CPU.ActiveCfg = Release|Any CPU
		{75223615-CFF9-4267-B9AD-ADEC755B3129}.Release|Any CPU.Build.0 = Release|Any CPU
	EndGlobalSection
	GlobalSection(SolutionProperties) = preSolution
		HideSolutionNode = FALSE
	EndGlobalSection
	GlobalSection(ExtensibilityGlobals) = postSolution
		SolutionGuid = {C5E19B07-5259-41EE-91C1-D3F8B584E204}
	EndGlobalSection
EndGlobal
