
Microsoft Visual Studio Solution File, Format Version 12.00
# Visual Studio Version 17
VisualStudioVersion = 17.3.32819.101
MinimumVisualStudioVersion = 10.0.40219.1
Project("{FAE04EC0-301F-11D3-BF4B-00C04F79EFBC}") = "Type Casting", "Type Casting\Type Casting.csproj", "{C0D8D339-FB9C-464A-871D-89B39158BA39}"
EndProject
Global
	GlobalSection(SolutionConfigurationPlatforms) = preSolution
		Debug|Any CPU = Debug|Any CPU
		Release|Any CPU = Release|Any CPU
	EndGlobalSection
	GlobalSection(ProjectConfigurationPlatforms) = postSolution
		{C0D8D339-FB9C-464A-871D-89B39158BA39}.Debug|Any CPU.ActiveCfg = Debug|Any CPU
		{C0D8D339-FB9C-464A-871D-89B39158BA39}.Debug|Any CPU.Build.0 = Debug|Any CPU
		{C0D8D339-FB9C-464A-871D-89B39158BA39}.Release|Any CPU.ActiveCfg = Release|Any CPU
		{C0D8D339-FB9C-464A-871D-89B39158BA39}.Release|Any CPU.Build.0 = Release|Any CPU
	EndGlobalSection
	GlobalSection(SolutionProperties) = preSolution
		HideSolutionNode = FALSE
	EndGlobalSection
	GlobalSection(ExtensibilityGlobals) = postSolution
		SolutionGuid = {C47AB069-A8FA-4A9F-9DA2-BDB469D7D6B4}
	EndGlobalSection
EndGlobal
