
Microsoft Visual Studio Solution File, Format Version 12.00
# Visual Studio Version 17
VisualStudioVersion = 17.3.32819.101
MinimumVisualStudioVersion = 10.0.40219.1
Project("{FAE04EC0-301F-11D3-BF4B-00C04F79EFBC}") = "User Input", "User Input\User Input.csproj", "{7FE0B1C5-C447-40C7-8FC8-83BF324B0FE0}"
EndProject
Global
	GlobalSection(SolutionConfigurationPlatforms) = preSolution
		Debug|Any CPU = Debug|Any CPU
		Release|Any CPU = Release|Any CPU
	EndGlobalSection
	GlobalSection(ProjectConfigurationPlatforms) = postSolution
		{7FE0B1C5-C447-40C7-8FC8-83BF324B0FE0}.Debug|Any CPU.ActiveCfg = Debug|Any CPU
		{7FE0B1C5-C447-40C7-8FC8-83BF324B0FE0}.Debug|Any CPU.Build.0 = Debug|Any CPU
		{7FE0B1C5-C447-40C7-8FC8-83BF324B0FE0}.Release|Any CPU.ActiveCfg = Release|Any CPU
		{7FE0B1C5-C447-40C7-8FC8-83BF324B0FE0}.Release|Any CPU.Build.0 = Release|Any CPU
	EndGlobalSection
	GlobalSection(SolutionProperties) = preSolution
		HideSolutionNode = FALSE
	EndGlobalSection
	GlobalSection(ExtensibilityGlobals) = postSolution
		SolutionGuid = {F9EC7BF3-5AAC-45A9-8A1A-72D290F2F65D}
	EndGlobalSection
EndGlobal
