
Microsoft Visual Studio Solution File, Format Version 12.00
# Visual Studio Version 17
VisualStudioVersion = 17.3.32819.101
MinimumVisualStudioVersion = 10.0.40219.1
Project("{FAE04EC0-301F-11D3-BF4B-00C04F79EFBC}") = "if,els", "if,els\if,els.csproj", "{B453C708-65F8-4236-8C87-18E39A86A9A1}"
EndProject
Global
	GlobalSection(SolutionConfigurationPlatforms) = preSolution
		Debug|Any CPU = Debug|Any CPU
		Release|Any CPU = Release|Any CPU
	EndGlobalSection
	GlobalSection(ProjectConfigurationPlatforms) = postSolution
		{B453C708-65F8-4236-8C87-18E39A86A9A1}.Debug|Any CPU.ActiveCfg = Debug|Any CPU
		{B453C708-65F8-4236-8C87-18E39A86A9A1}.Debug|Any CPU.Build.0 = Debug|Any CPU
		{B453C708-65F8-4236-8C87-18E39A86A9A1}.Release|Any CPU.ActiveCfg = Release|Any CPU
		{B453C708-65F8-4236-8C87-18E39A86A9A1}.Release|Any CPU.Build.0 = Release|Any CPU
	EndGlobalSection
	GlobalSection(SolutionProperties) = preSolution
		HideSolutionNode = FALSE
	EndGlobalSection
	GlobalSection(ExtensibilityGlobals) = postSolution
		SolutionGuid = {794DFDDF-3597-4003-ACB8-E8B81B09852A}
	EndGlobalSection
EndGlobal
